
Microsoft Visual Studio Solution File, Format Version 9.00
# Visual Studio 2005
Project("{8BC9CEB8-8B4A-11D0-8D11-00A0C91BC942}") = "ZodiacSocket", "ZodiacSocket\ZodiacSocket.vcproj", "{593EABC7-E467-4714-A320-1CA31824B92F}"
EndProject
Project("{8BC9CEB8-8B4A-11D0-8D11-00A0C91BC942}") = "Console App", "Console App\Console App.vcproj", "{903DA4DF-1681-4814-AEAA-9ECE56B1831B}"
EndProject
Global
	GlobalSection(SolutionConfigurationPlatforms) = preSolution
		Debug|Win32 = Debug|Win32
		Release|Win32 = Release|Win32
	EndGlobalSection
	GlobalSection(ProjectConfigurationPlatforms) = postSolution
		{593EABC7-E467-4714-A320-1CA31824B92F}.Debug|Win32.ActiveCfg = Debug|Win32
		{593EABC7-E467-4714-A320-1CA31824B92F}.Debug|Win32.Build.0 = Debug|Win32
		{593EABC7-E467-4714-A320-1CA31824B92F}.Release|Win32.ActiveCfg = Release|Win32
		{593EABC7-E467-4714-A320-1CA31824B92F}.Release|Win32.Build.0 = Release|Win32
		{903DA4DF-1681-4814-AEAA-9ECE56B1831B}.Debug|Win32.ActiveCfg = Debug|Win32
		{903DA4DF-1681-4814-AEAA-9ECE56B1831B}.Debug|Win32.Build.0 = Debug|Win32
		{903DA4DF-1681-4814-AEAA-9ECE56B1831B}.Release|Win32.ActiveCfg = Release|Win32
		{903DA4DF-1681-4814-AEAA-9ECE56B1831B}.Release|Win32.Build.0 = Release|Win32
	EndGlobalSection
	GlobalSection(SolutionProperties) = preSolution
		HideSolutionNode = FALSE
	EndGlobalSection
EndGlobal
